
Microsoft Visual Studio Solution File, Format Version 12.00
# Visual Studio Version 17
VisualStudioVersion = 17.1.32328.378
MinimumVisualStudioVersion = 10.0.40219.1
Project("{FAE04EC0-301F-11D3-BF4B-00C04F79EFBC}") = "WinFormsApp1", "WinFormsApp1\WinFormsApp1.csproj", "{5E05A22D-B951-49E2-ADE8-79B18CB41481}"
EndProject
Global
	GlobalSection(SolutionConfigurationPlatforms) = preSolution
		Debug|Any CPU = Debug|Any CPU
		Release|Any CPU = Release|Any CPU
	EndGlobalSection
	GlobalSection(ProjectConfigurationPlatforms) = postSolution
		{5E05A22D-B951-49E2-ADE8-79B18CB41481}.Debug|Any CPU.ActiveCfg = Debug|Any CPU
		{5E05A22D-B951-49E2-ADE8-79B18CB41481}.Debug|Any CPU.Build.0 = Debug|Any CPU
		{5E05A22D-B951-49E2-ADE8-79B18CB41481}.Release|Any CPU.ActiveCfg = Release|Any CPU
		{5E05A22D-B951-49E2-ADE8-79B18CB41481}.Release|Any CPU.Build.0 = Release|Any CPU
	EndGlobalSection
	GlobalSection(SolutionProperties) = preSolution
		HideSolutionNode = FALSE
	EndGlobalSection
	GlobalSection(ExtensibilityGlobals) = postSolution
		SolutionGuid = {A592BDF2-1858-40F1-99FE-952D909BD0ED}
	EndGlobalSection
EndGlobal
