
Microsoft Visual Studio Solution File, Format Version 12.00
# Visual Studio Version 17
VisualStudioVersion = 17.1.32414.318
MinimumVisualStudioVersion = 10.0.40219.1
Project("{FAE04EC0-301F-11D3-BF4B-00C04F79EFBC}") = "CH03Ex02", "CH03Ex02\CH03Ex02.csproj", "{F3E37D35-C79F-42C6-9B96-A455962002E2}"
EndProject
Global
	GlobalSection(SolutionConfigurationPlatforms) = preSolution
		Debug|Any CPU = Debug|Any CPU
		Release|Any CPU = Release|Any CPU
	EndGlobalSection
	GlobalSection(ProjectConfigurationPlatforms) = postSolution
		{F3E37D35-C79F-42C6-9B96-A455962002E2}.Debug|Any CPU.ActiveCfg = Debug|Any CPU
		{F3E37D35-C79F-42C6-9B96-A455962002E2}.Debug|Any CPU.Build.0 = Debug|Any CPU
		{F3E37D35-C79F-42C6-9B96-A455962002E2}.Release|Any CPU.ActiveCfg = Release|Any CPU
		{F3E37D35-C79F-42C6-9B96-A455962002E2}.Release|Any CPU.Build.0 = Release|Any CPU
	EndGlobalSection
	GlobalSection(SolutionProperties) = preSolution
		HideSolutionNode = FALSE
	EndGlobalSection
	GlobalSection(ExtensibilityGlobals) = postSolution
		SolutionGuid = {07681110-B316-4FB1-A5CA-4010884DADF2}
	EndGlobalSection
EndGlobal
